// !$*UTF8*$!
{
	archiveVersion = 1;
	classes = {
	};
	objectVersion = 51;
	objects = {

/* Begin PBXBuildFile section */
		01A5D7CDA4A6B15E8E487E10 /* Pods_Reciplease.framework in Frameworks */ = {isa = PBXBuildFile; fileRef = 70BE8C63D8A7130DAAC3A879 /* Pods_Reciplease.framework */; };
		0AEB1E2642116EB0B28C32AC /* Pods_RecipleaseTests.framework in Frameworks */ = {isa = PBXBuildFile; fileRef = A7BD011E7C586C8C6E96629F /* Pods_RecipleaseTests.framework */; };
		AC01A00024AE845000D79D6B /* RecipeTableViewDataSource.swift in Sources */ = {isa = PBXBuildFile; fileRef = AC019FFF24AE845000D79D6B /* RecipeTableViewDataSource.swift */; };
		AC0BC3CB24B924CD002AC135 /* Colors.swift in Sources */ = {isa = PBXBuildFile; fileRef = AC0BC3CA24B924CD002AC135 /* Colors.swift */; };
		AC0BC3CD24B924D6002AC135 /* Fonts.swift in Sources */ = {isa = PBXBuildFile; fileRef = AC0BC3CC24B924D6002AC135 /* Fonts.swift */; };
		AC0BC3D124B9FD28002AC135 /* FavoriteRecipe.swift in Sources */ = {isa = PBXBuildFile; fileRef = AC0BC3D024B9FD28002AC135 /* FavoriteRecipe.swift */; };
		AC0FC08424C35F860075B3A7 /* Recipe.json in Resources */ = {isa = PBXBuildFile; fileRef = AC0FC08324C35F860075B3A7 /* Recipe.json */; };
		AC0FC08624C360560075B3A7 /* IncorrectRecipe.json in Resources */ = {isa = PBXBuildFile; fileRef = AC0FC08524C360560075B3A7 /* IncorrectRecipe.json */; };
		AC0FC08824C361800075B3A7 /* RecipeNetworkManagerTests.swift in Sources */ = {isa = PBXBuildFile; fileRef = AC0FC08724C361800075B3A7 /* RecipeNetworkManagerTests.swift */; };
		AC1081AD24CB6DBF0093EAF3 /* DateComponentsFormatterStub.swift in Sources */ = {isa = PBXBuildFile; fileRef = AC1081AC24CB6DBF0093EAF3 /* DateComponentsFormatterStub.swift */; };
		AC1081AF24CB6E170093EAF3 /* NumberFormatterStub.swift in Sources */ = {isa = PBXBuildFile; fileRef = AC1081AE24CB6E170093EAF3 /* NumberFormatterStub.swift */; };
		AC2A52A324AE5A350022F8FA /* GradientView.swift in Sources */ = {isa = PBXBuildFile; fileRef = AC2A52A224AE5A350022F8FA /* GradientView.swift */; };
		AC3CD0A624BE021100A0289B /* FavoriteRecipeDataManager.swift in Sources */ = {isa = PBXBuildFile; fileRef = AC3CD0A524BE021100A0289B /* FavoriteRecipeDataManager.swift */; };
		AC55245124AE6E3E002E56BE /* RecipeWithImage.swift in Sources */ = {isa = PBXBuildFile; fileRef = AC55245024AE6E3E002E56BE /* RecipeWithImage.swift */; };
		AC55245324AE6E98002E56BE /* RecipeTableViewDelegateHandler.swift in Sources */ = {isa = PBXBuildFile; fileRef = AC55245224AE6E98002E56BE /* RecipeTableViewDelegateHandler.swift */; };
		AC57557524C3421700FF61B9 /* FoodDataManagerTests.swift in Sources */ = {isa = PBXBuildFile; fileRef = AC57557424C3421700FF61B9 /* FoodDataManagerTests.swift */; };
		AC57557724C343B100FF61B9 /* FavoriteRecipeDataManagerTests.swift in Sources */ = {isa = PBXBuildFile; fileRef = AC57557624C343B100FF61B9 /* FavoriteRecipeDataManagerTests.swift */; };
		AC57557924C34EA800FF61B9 /* SettingsServiceTests.swift in Sources */ = {isa = PBXBuildFile; fileRef = AC57557824C34EA800FF61B9 /* SettingsServiceTests.swift */; };
		AC58682F24B1206600CE9874 /* SettingsTableViewController.swift in Sources */ = {isa = PBXBuildFile; fileRef = AC58682E24B1206600CE9874 /* SettingsTableViewController.swift */; };
		AC58DC9724BCC7580098588F /* Images.swift in Sources */ = {isa = PBXBuildFile; fileRef = AC58DC9624BCC7580098588F /* Images.swift */; };
		AC5B77EA24C1DD9300DE0D12 /* UrlProviderTests.swift in Sources */ = {isa = PBXBuildFile; fileRef = AC5B77E924C1DD9300DE0D12 /* UrlProviderTests.swift */; };
		AC5B77ED24C261B800DE0D12 /* UrlProviderStub.swift in Sources */ = {isa = PBXBuildFile; fileRef = AC5B77EB24C24CCE00DE0D12 /* UrlProviderStub.swift */; };
		AC680B6924C2667200F137FA /* CoreDataManagerTests.swift in Sources */ = {isa = PBXBuildFile; fileRef = AC680B6824C2667200F137FA /* CoreDataManagerTests.swift */; };
		AC680B6B24C3196800F137FA /* RecipeObject.swift in Sources */ = {isa = PBXBuildFile; fileRef = AC680B6A24C3196800F137FA /* RecipeObject.swift */; };
		AC6F350A24BB9220000CAB33 /* ServiceContainer.swift in Sources */ = {isa = PBXBuildFile; fileRef = AC6F350924BB9220000CAB33 /* ServiceContainer.swift */; };
		AC7A8C7A24A7D1BD00DB48B9 /* RoundedView.swift in Sources */ = {isa = PBXBuildFile; fileRef = AC7A8C7924A7D1BD00DB48B9 /* RoundedView.swift */; };
		AC7A8C7E24A7D7FA00DB48B9 /* UrlProvider.swift in Sources */ = {isa = PBXBuildFile; fileRef = AC7A8C7D24A7D7FA00DB48B9 /* UrlProvider.swift */; };
		AC7A8C8124A7D85000DB48B9 /* UrlProviderImplementation.swift in Sources */ = {isa = PBXBuildFile; fileRef = AC7A8C8024A7D85000DB48B9 /* UrlProviderImplementation.swift */; };
		AC7A8C8424A7DBD800DB48B9 /* NetworkService.swift in Sources */ = {isa = PBXBuildFile; fileRef = AC7A8C8324A7DBD800DB48B9 /* NetworkService.swift */; };
		AC7A8C8724A7DC1600DB48B9 /* CoreDataError.swift in Sources */ = {isa = PBXBuildFile; fileRef = AC7A8C8624A7DC1600DB48B9 /* CoreDataError.swift */; };
		AC7A8C8924A7DC5500DB48B9 /* NetworkServiceImplementation.swift in Sources */ = {isa = PBXBuildFile; fileRef = AC7A8C8824A7DC5500DB48B9 /* NetworkServiceImplementation.swift */; };
		AC7A8C8B24A7DCCB00DB48B9 /* RecipeNetworkManager.swift in Sources */ = {isa = PBXBuildFile; fileRef = AC7A8C8A24A7DCCB00DB48B9 /* RecipeNetworkManager.swift */; };
		AC7D742424A7E84F00890B57 /* AlertManager.swift in Sources */ = {isa = PBXBuildFile; fileRef = AC7D742324A7E84F00890B57 /* AlertManager.swift */; };
		ACA3DCC024CF2AEB0066CC62 /* ContextProviderStub.swift in Sources */ = {isa = PBXBuildFile; fileRef = ACA3DCBF24CF2AEB0066CC62 /* ContextProviderStub.swift */; };
		ACA3DCC324CF2B360066CC62 /* ContextProvider.swift in Sources */ = {isa = PBXBuildFile; fileRef = ACA3DCC224CF2B360066CC62 /* ContextProvider.swift */; };
		ACA3DCC524CF2B560066CC62 /* ContextProviderImplementation.swift in Sources */ = {isa = PBXBuildFile; fileRef = ACA3DCC424CF2B560066CC62 /* ContextProviderImplementation.swift */; };
		ACA3DCCA24CF343B0066CC62 /* ContextProviderSaveStub.swift in Sources */ = {isa = PBXBuildFile; fileRef = ACA3DCC924CF343B0066CC62 /* ContextProviderSaveStub.swift */; };
		ACAF6A8524A0CF6700F7E7A9 /* AppDelegate.swift in Sources */ = {isa = PBXBuildFile; fileRef = ACAF6A8424A0CF6700F7E7A9 /* AppDelegate.swift */; };
		ACAF6A8C24A0CF6700F7E7A9 /* Main.storyboard in Resources */ = {isa = PBXBuildFile; fileRef = ACAF6A8A24A0CF6700F7E7A9 /* Main.storyboard */; };
		ACAF6A8F24A0CF6700F7E7A9 /* Reciplease.xcdatamodeld in Sources */ = {isa = PBXBuildFile; fileRef = ACAF6A8D24A0CF6700F7E7A9 /* Reciplease.xcdatamodeld */; };
		ACAF6A9124A0CF6A00F7E7A9 /* Assets.xcassets in Resources */ = {isa = PBXBuildFile; fileRef = ACAF6A9024A0CF6A00F7E7A9 /* Assets.xcassets */; };
		ACAF6A9424A0CF6A00F7E7A9 /* LaunchScreen.storyboard in Resources */ = {isa = PBXBuildFile; fileRef = ACAF6A9224A0CF6A00F7E7A9 /* LaunchScreen.storyboard */; };
		ACAF6AAE24A0D70A00F7E7A9 /* SearchViewController.swift in Sources */ = {isa = PBXBuildFile; fileRef = ACAF6AAD24A0D70A00F7E7A9 /* SearchViewController.swift */; };
		ACAF6AB024A0D71800F7E7A9 /* FavoriteTableViewController.swift in Sources */ = {isa = PBXBuildFile; fileRef = ACAF6AAF24A0D71800F7E7A9 /* FavoriteTableViewController.swift */; };
		ACAF6AB224A0E3A300F7E7A9 /* RecipeTableViewController.swift in Sources */ = {isa = PBXBuildFile; fileRef = ACAF6AB124A0E3A300F7E7A9 /* RecipeTableViewController.swift */; };
		ACAF6AB424A0E3B800F7E7A9 /* RecipeDetailViewController.swift in Sources */ = {isa = PBXBuildFile; fileRef = ACAF6AB324A0E3B800F7E7A9 /* RecipeDetailViewController.swift */; };
		ACAF6ABA24A0E6E000F7E7A9 /* RecipeTableViewCell.swift in Sources */ = {isa = PBXBuildFile; fileRef = ACAF6AB924A0E6E000F7E7A9 /* RecipeTableViewCell.swift */; };
		ACB5F83324A504C800E28502 /* RecipeResult.swift in Sources */ = {isa = PBXBuildFile; fileRef = ACB5F83224A504C800E28502 /* RecipeResult.swift */; };
		ACB5F83724A5413B00E28502 /* RoundedButton.swift in Sources */ = {isa = PBXBuildFile; fileRef = ACB5F83624A5413B00E28502 /* RoundedButton.swift */; };
		ACB5F83924A548FA00E28502 /* Food.swift in Sources */ = {isa = PBXBuildFile; fileRef = ACB5F83824A548FA00E28502 /* Food.swift */; };
		ACBFFEBB24C787D30094EDA1 /* NetworkRequest.swift in Sources */ = {isa = PBXBuildFile; fileRef = ACBFFEBA24C787D30094EDA1 /* NetworkRequest.swift */; };
		ACBFFEBD24C787E60094EDA1 /* AlamofireNetworkRequest.swift in Sources */ = {isa = PBXBuildFile; fileRef = ACBFFEBC24C787E60094EDA1 /* AlamofireNetworkRequest.swift */; };
		ACBFFEBF24C7A9DA0094EDA1 /* UrlValueProvider.swift in Sources */ = {isa = PBXBuildFile; fileRef = ACBFFEBE24C7A9DA0094EDA1 /* UrlValueProvider.swift */; };
		ACBFFEC124C7ADB00094EDA1 /* NetworkServiceTests.swift in Sources */ = {isa = PBXBuildFile; fileRef = ACBFFEC024C7ADB00094EDA1 /* NetworkServiceTests.swift */; };
		ACBFFEC324C7B1790094EDA1 /* NetworkError.swift in Sources */ = {isa = PBXBuildFile; fileRef = ACBFFEC224C7B1790094EDA1 /* NetworkError.swift */; };
		ACE1D0D324C3B86200FBC703 /* RecipeTableViewCell.xib in Resources */ = {isa = PBXBuildFile; fileRef = ACE1D0D224C3B86200FBC703 /* RecipeTableViewCell.xib */; };
		ACE314BB24C61C510081BAE6 /* FakeNetworkRequest.swift in Sources */ = {isa = PBXBuildFile; fileRef = ACE314BA24C61C510081BAE6 /* FakeNetworkRequest.swift */; };
		ACE314C324C781640081BAE6 /* FakeResponseData.swift in Sources */ = {isa = PBXBuildFile; fileRef = ACE314C224C781640081BAE6 /* FakeResponseData.swift */; };
		ACE32CCB24CE104C00ADDB81 /* URLComponent.swift in Sources */ = {isa = PBXBuildFile; fileRef = ACE32CCA24CE104C00ADDB81 /* URLComponent.swift */; };
		ACE32CCD24CE108800ADDB81 /* URLComponentImplementation.swift in Sources */ = {isa = PBXBuildFile; fileRef = ACE32CCC24CE108800ADDB81 /* URLComponentImplementation.swift */; };
		ACE32CCF24CE10C300ADDB81 /* URLComponentStub.swift in Sources */ = {isa = PBXBuildFile; fileRef = ACE32CCE24CE10C300ADDB81 /* URLComponentStub.swift */; };
		ACE6F1F524B1D32D00ADBFF3 /* SettingsService.swift in Sources */ = {isa = PBXBuildFile; fileRef = ACE6F1F424B1D32D00ADBFF3 /* SettingsService.swift */; };
		ACF52A1824BBD01E00997F69 /* FavoriteTableViewDataSource.swift in Sources */ = {isa = PBXBuildFile; fileRef = ACF52A1724BBD01E00997F69 /* FavoriteTableViewDataSource.swift */; };
		ACFDAE4824BCFEAD001B719F /* CoreDataManager.swift in Sources */ = {isa = PBXBuildFile; fileRef = ACFDAE4724BCFEAD001B719F /* CoreDataManager.swift */; };
		ACFDAE4A24BE00A0001B719F /* FoodDataManager.swift in Sources */ = {isa = PBXBuildFile; fileRef = ACFDAE4924BE00A0001B719F /* FoodDataManager.swift */; };
/* End PBXBuildFile section */

/* Begin PBXContainerItemProxy section */
		ACAF6A9B24A0CF6A00F7E7A9 /* PBXContainerItemProxy */ = {
			isa = PBXContainerItemProxy;
			containerPortal = ACAF6A7924A0CF6700F7E7A9 /* Project object */;
			proxyType = 1;
			remoteGlobalIDString = ACAF6A8024A0CF6700F7E7A9;
			remoteInfo = Reciplease;
		};
/* End PBXContainerItemProxy section */

/* Begin PBXFileReference section */
		642EE36B8DFB182CC4F40198 /* Pods-Reciplease.debug.xcconfig */ = {isa = PBXFileReference; includeInIndex = 1; lastKnownFileType = text.xcconfig; name = "Pods-Reciplease.debug.xcconfig"; path = "Target Support Files/Pods-Reciplease/Pods-Reciplease.debug.xcconfig"; sourceTree = "<group>"; };
		70BE8C63D8A7130DAAC3A879 /* Pods_Reciplease.framework */ = {isa = PBXFileReference; explicitFileType = wrapper.framework; includeInIndex = 0; path = Pods_Reciplease.framework; sourceTree = BUILT_PRODUCTS_DIR; };
		A7BD011E7C586C8C6E96629F /* Pods_RecipleaseTests.framework */ = {isa = PBXFileReference; explicitFileType = wrapper.framework; includeInIndex = 0; path = Pods_RecipleaseTests.framework; sourceTree = BUILT_PRODUCTS_DIR; };
		AC019FFF24AE845000D79D6B /* RecipeTableViewDataSource.swift */ = {isa = PBXFileReference; lastKnownFileType = sourcecode.swift; path = RecipeTableViewDataSource.swift; sourceTree = "<group>"; };
		AC0BC3CA24B924CD002AC135 /* Colors.swift */ = {isa = PBXFileReference; lastKnownFileType = sourcecode.swift; path = Colors.swift; sourceTree = "<group>"; };
		AC0BC3CC24B924D6002AC135 /* Fonts.swift */ = {isa = PBXFileReference; lastKnownFileType = sourcecode.swift; path = Fonts.swift; sourceTree = "<group>"; };
		AC0BC3D024B9FD28002AC135 /* FavoriteRecipe.swift */ = {isa = PBXFileReference; lastKnownFileType = sourcecode.swift; path = FavoriteRecipe.swift; sourceTree = "<group>"; };
		AC0FC08324C35F860075B3A7 /* Recipe.json */ = {isa = PBXFileReference; lastKnownFileType = text.json; path = Recipe.json; sourceTree = "<group>"; };
		AC0FC08524C360560075B3A7 /* IncorrectRecipe.json */ = {isa = PBXFileReference; lastKnownFileType = text.json; path = IncorrectRecipe.json; sourceTree = "<group>"; };
		AC0FC08724C361800075B3A7 /* RecipeNetworkManagerTests.swift */ = {isa = PBXFileReference; lastKnownFileType = sourcecode.swift; path = RecipeNetworkManagerTests.swift; sourceTree = "<group>"; };
		AC1081AC24CB6DBF0093EAF3 /* DateComponentsFormatterStub.swift */ = {isa = PBXFileReference; lastKnownFileType = sourcecode.swift; path = DateComponentsFormatterStub.swift; sourceTree = "<group>"; };
		AC1081AE24CB6E170093EAF3 /* NumberFormatterStub.swift */ = {isa = PBXFileReference; lastKnownFileType = sourcecode.swift; path = NumberFormatterStub.swift; sourceTree = "<group>"; };
		AC2A52A224AE5A350022F8FA /* GradientView.swift */ = {isa = PBXFileReference; lastKnownFileType = sourcecode.swift; path = GradientView.swift; sourceTree = "<group>"; };
		AC3CD0A524BE021100A0289B /* FavoriteRecipeDataManager.swift */ = {isa = PBXFileReference; lastKnownFileType = sourcecode.swift; path = FavoriteRecipeDataManager.swift; sourceTree = "<group>"; };
		AC55245024AE6E3E002E56BE /* RecipeWithImage.swift */ = {isa = PBXFileReference; lastKnownFileType = sourcecode.swift; path = RecipeWithImage.swift; sourceTree = "<group>"; };
		AC55245224AE6E98002E56BE /* RecipeTableViewDelegateHandler.swift */ = {isa = PBXFileReference; lastKnownFileType = sourcecode.swift; path = RecipeTableViewDelegateHandler.swift; sourceTree = "<group>"; };
		AC57557424C3421700FF61B9 /* FoodDataManagerTests.swift */ = {isa = PBXFileReference; lastKnownFileType = sourcecode.swift; path = FoodDataManagerTests.swift; sourceTree = "<group>"; };
		AC57557624C343B100FF61B9 /* FavoriteRecipeDataManagerTests.swift */ = {isa = PBXFileReference; lastKnownFileType = sourcecode.swift; path = FavoriteRecipeDataManagerTests.swift; sourceTree = "<group>"; };
		AC57557824C34EA800FF61B9 /* SettingsServiceTests.swift */ = {isa = PBXFileReference; lastKnownFileType = sourcecode.swift; path = SettingsServiceTests.swift; sourceTree = "<group>"; };
		AC58682E24B1206600CE9874 /* SettingsTableViewController.swift */ = {isa = PBXFileReference; lastKnownFileType = sourcecode.swift; path = SettingsTableViewController.swift; sourceTree = "<group>"; };
		AC58DC9624BCC7580098588F /* Images.swift */ = {isa = PBXFileReference; lastKnownFileType = sourcecode.swift; path = Images.swift; sourceTree = "<group>"; };
		AC5B77E924C1DD9300DE0D12 /* UrlProviderTests.swift */ = {isa = PBXFileReference; lastKnownFileType = sourcecode.swift; path = UrlProviderTests.swift; sourceTree = "<group>"; };
		AC5B77EB24C24CCE00DE0D12 /* UrlProviderStub.swift */ = {isa = PBXFileReference; lastKnownFileType = sourcecode.swift; path = UrlProviderStub.swift; sourceTree = "<group>"; };
		AC680B6824C2667200F137FA /* CoreDataManagerTests.swift */ = {isa = PBXFileReference; lastKnownFileType = sourcecode.swift; path = CoreDataManagerTests.swift; sourceTree = "<group>"; };
		AC680B6A24C3196800F137FA /* RecipeObject.swift */ = {isa = PBXFileReference; lastKnownFileType = sourcecode.swift; path = RecipeObject.swift; sourceTree = "<group>"; };
		AC6F350924BB9220000CAB33 /* ServiceContainer.swift */ = {isa = PBXFileReference; lastKnownFileType = sourcecode.swift; path = ServiceContainer.swift; sourceTree = "<group>"; };
		AC7A8C7924A7D1BD00DB48B9 /* RoundedView.swift */ = {isa = PBXFileReference; lastKnownFileType = sourcecode.swift; path = RoundedView.swift; sourceTree = "<group>"; };
		AC7A8C7D24A7D7FA00DB48B9 /* UrlProvider.swift */ = {isa = PBXFileReference; lastKnownFileType = sourcecode.swift; path = UrlProvider.swift; sourceTree = "<group>"; };
		AC7A8C8024A7D85000DB48B9 /* UrlProviderImplementation.swift */ = {isa = PBXFileReference; lastKnownFileType = sourcecode.swift; path = UrlProviderImplementation.swift; sourceTree = "<group>"; };
		AC7A8C8324A7DBD800DB48B9 /* NetworkService.swift */ = {isa = PBXFileReference; lastKnownFileType = sourcecode.swift; path = NetworkService.swift; sourceTree = "<group>"; };
		AC7A8C8624A7DC1600DB48B9 /* CoreDataError.swift */ = {isa = PBXFileReference; lastKnownFileType = sourcecode.swift; path = CoreDataError.swift; sourceTree = "<group>"; };
		AC7A8C8824A7DC5500DB48B9 /* NetworkServiceImplementation.swift */ = {isa = PBXFileReference; lastKnownFileType = sourcecode.swift; path = NetworkServiceImplementation.swift; sourceTree = "<group>"; };
		AC7A8C8A24A7DCCB00DB48B9 /* RecipeNetworkManager.swift */ = {isa = PBXFileReference; lastKnownFileType = sourcecode.swift; path = RecipeNetworkManager.swift; sourceTree = "<group>"; };
		AC7D742324A7E84F00890B57 /* AlertManager.swift */ = {isa = PBXFileReference; lastKnownFileType = sourcecode.swift; path = AlertManager.swift; sourceTree = "<group>"; };
		ACA3DCBF24CF2AEB0066CC62 /* ContextProviderStub.swift */ = {isa = PBXFileReference; lastKnownFileType = sourcecode.swift; path = ContextProviderStub.swift; sourceTree = "<group>"; };
		ACA3DCC224CF2B360066CC62 /* ContextProvider.swift */ = {isa = PBXFileReference; lastKnownFileType = sourcecode.swift; path = ContextProvider.swift; sourceTree = "<group>"; };
		ACA3DCC424CF2B560066CC62 /* ContextProviderImplementation.swift */ = {isa = PBXFileReference; lastKnownFileType = sourcecode.swift; path = ContextProviderImplementation.swift; sourceTree = "<group>"; };
		ACA3DCC924CF343B0066CC62 /* ContextProviderSaveStub.swift */ = {isa = PBXFileReference; lastKnownFileType = sourcecode.swift; path = ContextProviderSaveStub.swift; sourceTree = "<group>"; };
		ACAF6A8124A0CF6700F7E7A9 /* Reciplease.app */ = {isa = PBXFileReference; explicitFileType = wrapper.application; includeInIndex = 0; path = Reciplease.app; sourceTree = BUILT_PRODUCTS_DIR; };
		ACAF6A8424A0CF6700F7E7A9 /* AppDelegate.swift */ = {isa = PBXFileReference; lastKnownFileType = sourcecode.swift; path = AppDelegate.swift; sourceTree = "<group>"; };
		ACAF6A8B24A0CF6700F7E7A9 /* Base */ = {isa = PBXFileReference; lastKnownFileType = file.storyboard; name = Base; path = Base.lproj/Main.storyboard; sourceTree = "<group>"; };
		ACAF6A8E24A0CF6700F7E7A9 /* Reciplease.xcdatamodel */ = {isa = PBXFileReference; lastKnownFileType = wrapper.xcdatamodel; path = Reciplease.xcdatamodel; sourceTree = "<group>"; };
		ACAF6A9024A0CF6A00F7E7A9 /* Assets.xcassets */ = {isa = PBXFileReference; lastKnownFileType = folder.assetcatalog; path = Assets.xcassets; sourceTree = "<group>"; };
		ACAF6A9324A0CF6A00F7E7A9 /* Base */ = {isa = PBXFileReference; lastKnownFileType = file.storyboard; name = Base; path = Base.lproj/LaunchScreen.storyboard; sourceTree = "<group>"; };
		ACAF6A9524A0CF6A00F7E7A9 /* Info.plist */ = {isa = PBXFileReference; lastKnownFileType = text.plist.xml; path = Info.plist; sourceTree = "<group>"; };
		ACAF6A9A24A0CF6A00F7E7A9 /* RecipleaseTests.xctest */ = {isa = PBXFileReference; explicitFileType = wrapper.cfbundle; includeInIndex = 0; path = RecipleaseTests.xctest; sourceTree = BUILT_PRODUCTS_DIR; };
		ACAF6AA024A0CF6A00F7E7A9 /* Info.plist */ = {isa = PBXFileReference; lastKnownFileType = text.plist.xml; path = Info.plist; sourceTree = "<group>"; };
		ACAF6AAD24A0D70A00F7E7A9 /* SearchViewController.swift */ = {isa = PBXFileReference; lastKnownFileType = sourcecode.swift; path = SearchViewController.swift; sourceTree = "<group>"; };
		ACAF6AAF24A0D71800F7E7A9 /* FavoriteTableViewController.swift */ = {isa = PBXFileReference; lastKnownFileType = sourcecode.swift; path = FavoriteTableViewController.swift; sourceTree = "<group>"; };
		ACAF6AB124A0E3A300F7E7A9 /* RecipeTableViewController.swift */ = {isa = PBXFileReference; lastKnownFileType = sourcecode.swift; path = RecipeTableViewController.swift; sourceTree = "<group>"; };
		ACAF6AB324A0E3B800F7E7A9 /* RecipeDetailViewController.swift */ = {isa = PBXFileReference; lastKnownFileType = sourcecode.swift; path = RecipeDetailViewController.swift; sourceTree = "<group>"; };
		ACAF6AB924A0E6E000F7E7A9 /* RecipeTableViewCell.swift */ = {isa = PBXFileReference; lastKnownFileType = sourcecode.swift; path = RecipeTableViewCell.swift; sourceTree = "<group>"; };
		ACB5F83224A504C800E28502 /* RecipeResult.swift */ = {isa = PBXFileReference; lastKnownFileType = sourcecode.swift; path = RecipeResult.swift; sourceTree = "<group>"; };
		ACB5F83624A5413B00E28502 /* RoundedButton.swift */ = {isa = PBXFileReference; lastKnownFileType = sourcecode.swift; path = RoundedButton.swift; sourceTree = "<group>"; };
		ACB5F83824A548FA00E28502 /* Food.swift */ = {isa = PBXFileReference; lastKnownFileType = sourcecode.swift; path = Food.swift; sourceTree = "<group>"; };
		ACBFFEBA24C787D30094EDA1 /* NetworkRequest.swift */ = {isa = PBXFileReference; lastKnownFileType = sourcecode.swift; path = NetworkRequest.swift; sourceTree = "<group>"; };
		ACBFFEBC24C787E60094EDA1 /* AlamofireNetworkRequest.swift */ = {isa = PBXFileReference; lastKnownFileType = sourcecode.swift; path = AlamofireNetworkRequest.swift; sourceTree = "<group>"; };
		ACBFFEBE24C7A9DA0094EDA1 /* UrlValueProvider.swift */ = {isa = PBXFileReference; lastKnownFileType = sourcecode.swift; path = UrlValueProvider.swift; sourceTree = "<group>"; };
		ACBFFEC024C7ADB00094EDA1 /* NetworkServiceTests.swift */ = {isa = PBXFileReference; lastKnownFileType = sourcecode.swift; path = NetworkServiceTests.swift; sourceTree = "<group>"; };
		ACBFFEC224C7B1790094EDA1 /* NetworkError.swift */ = {isa = PBXFileReference; lastKnownFileType = sourcecode.swift; path = NetworkError.swift; sourceTree = "<group>"; };
		ACE1D0D224C3B86200FBC703 /* RecipeTableViewCell.xib */ = {isa = PBXFileReference; lastKnownFileType = file.xib; path = RecipeTableViewCell.xib; sourceTree = "<group>"; };
		ACE314BA24C61C510081BAE6 /* FakeNetworkRequest.swift */ = {isa = PBXFileReference; lastKnownFileType = sourcecode.swift; path = FakeNetworkRequest.swift; sourceTree = "<group>"; };
		ACE314C224C781640081BAE6 /* FakeResponseData.swift */ = {isa = PBXFileReference; lastKnownFileType = sourcecode.swift; path = FakeResponseData.swift; sourceTree = "<group>"; };
		ACE32CCA24CE104C00ADDB81 /* URLComponent.swift */ = {isa = PBXFileReference; lastKnownFileType = sourcecode.swift; path = URLComponent.swift; sourceTree = "<group>"; };
		ACE32CCC24CE108800ADDB81 /* URLComponentImplementation.swift */ = {isa = PBXFileReference; lastKnownFileType = sourcecode.swift; path = URLComponentImplementation.swift; sourceTree = "<group>"; };
		ACE32CCE24CE10C300ADDB81 /* URLComponentStub.swift */ = {isa = PBXFileReference; lastKnownFileType = sourcecode.swift; path = URLComponentStub.swift; sourceTree = "<group>"; };
		ACE6F1F424B1D32D00ADBFF3 /* SettingsService.swift */ = {isa = PBXFileReference; lastKnownFileType = sourcecode.swift; path = SettingsService.swift; sourceTree = "<group>"; };
		ACF52A1724BBD01E00997F69 /* FavoriteTableViewDataSource.swift */ = {isa = PBXFileReference; lastKnownFileType = sourcecode.swift; path = FavoriteTableViewDataSource.swift; sourceTree = "<group>"; };
		ACFDAE4724BCFEAD001B719F /* CoreDataManager.swift */ = {isa = PBXFileReference; lastKnownFileType = sourcecode.swift; path = CoreDataManager.swift; sourceTree = "<group>"; };
		ACFDAE4924BE00A0001B719F /* FoodDataManager.swift */ = {isa = PBXFileReference; lastKnownFileType = sourcecode.swift; path = FoodDataManager.swift; sourceTree = "<group>"; };
		B829F13BF05EA9B98E40BFDC /* Pods-RecipleaseTests.release.xcconfig */ = {isa = PBXFileReference; includeInIndex = 1; lastKnownFileType = text.xcconfig; name = "Pods-RecipleaseTests.release.xcconfig"; path = "Target Support Files/Pods-RecipleaseTests/Pods-RecipleaseTests.release.xcconfig"; sourceTree = "<group>"; };
		C14D68F85D2D62AFB3DB2182 /* Pods-RecipleaseTests.debug.xcconfig */ = {isa = PBXFileReference; includeInIndex = 1; lastKnownFileType = text.xcconfig; name = "Pods-RecipleaseTests.debug.xcconfig"; path = "Target Support Files/Pods-RecipleaseTests/Pods-RecipleaseTests.debug.xcconfig"; sourceTree = "<group>"; };
		C4EAB10C6BF9485C43AE8A2E /* Pods-Reciplease.release.xcconfig */ = {isa = PBXFileReference; includeInIndex = 1; lastKnownFileType = text.xcconfig; name = "Pods-Reciplease.release.xcconfig"; path = "Target Support Files/Pods-Reciplease/Pods-Reciplease.release.xcconfig"; sourceTree = "<group>"; };
/* End PBXFileReference section */

/* Begin PBXFrameworksBuildPhase section */
		ACAF6A7E24A0CF6700F7E7A9 /* Frameworks */ = {
			isa = PBXFrameworksBuildPhase;
			buildActionMask = 2147483647;
			files = (
				01A5D7CDA4A6B15E8E487E10 /* Pods_Reciplease.framework in Frameworks */,
			);
			runOnlyForDeploymentPostprocessing = 0;
		};
		ACAF6A9724A0CF6A00F7E7A9 /* Frameworks */ = {
			isa = PBXFrameworksBuildPhase;
			buildActionMask = 2147483647;
			files = (
				0AEB1E2642116EB0B28C32AC /* Pods_RecipleaseTests.framework in Frameworks */,
			);
			runOnlyForDeploymentPostprocessing = 0;
		};
/* End PBXFrameworksBuildPhase section */

/* Begin PBXGroup section */
		445F9D90B1AFFC36588477F5 /* Frameworks */ = {
			isa = PBXGroup;
			children = (
				70BE8C63D8A7130DAAC3A879 /* Pods_Reciplease.framework */,
				A7BD011E7C586C8C6E96629F /* Pods_RecipleaseTests.framework */,
			);
			name = Frameworks;
			sourceTree = "<group>";
		};
		832C7F2E298AF0F215F9833D /* Pods */ = {
			isa = PBXGroup;
			children = (
				642EE36B8DFB182CC4F40198 /* Pods-Reciplease.debug.xcconfig */,
				C4EAB10C6BF9485C43AE8A2E /* Pods-Reciplease.release.xcconfig */,
				C14D68F85D2D62AFB3DB2182 /* Pods-RecipleaseTests.debug.xcconfig */,
				B829F13BF05EA9B98E40BFDC /* Pods-RecipleaseTests.release.xcconfig */,
			);
			path = Pods;
			sourceTree = "<group>";
		};
		AC4F854424A92EF70084A8B1 /* UISubclasses */ = {
			isa = PBXGroup;
			children = (
				ACB5F83624A5413B00E28502 /* RoundedButton.swift */,
				AC7A8C7924A7D1BD00DB48B9 /* RoundedView.swift */,
				AC2A52A224AE5A350022F8FA /* GradientView.swift */,
			);
			path = UISubclasses;
			sourceTree = "<group>";
		};
		AC58DC9824BCCAD90098588F /* Settings */ = {
			isa = PBXGroup;
			children = (
				AC58682E24B1206600CE9874 /* SettingsTableViewController.swift */,
			);
			path = Settings;
			sourceTree = "<group>";
		};
		AC58DC9924BCCB340098588F /* RecipeDetail */ = {
			isa = PBXGroup;
			children = (
				ACAF6AB324A0E3B800F7E7A9 /* RecipeDetailViewController.swift */,
			);
			path = RecipeDetail;
			sourceTree = "<group>";
		};
		AC58DC9A24BCCBE20098588F /* NetworkManager */ = {
			isa = PBXGroup;
			children = (
				AC7A8C8A24A7DCCB00DB48B9 /* RecipeNetworkManager.swift */,
			);
			path = NetworkManager;
			sourceTree = "<group>";
		};
		AC5B77E224BE4C9700DE0D12 /* JSONResponses */ = {
			isa = PBXGroup;
			children = (
				AC0FC08324C35F860075B3A7 /* Recipe.json */,
				AC0FC08524C360560075B3A7 /* IncorrectRecipe.json */,
			);
			path = JSONResponses;
			sourceTree = "<group>";
		};
		AC5B77E524BE4CBA00DE0D12 /* UrlProvider */ = {
			isa = PBXGroup;
			children = (
				AC5B77E924C1DD9300DE0D12 /* UrlProviderTests.swift */,
			);
			path = UrlProvider;
			sourceTree = "<group>";
		};
		AC5B77E824BE4CE400DE0D12 /* CoreDataManagers */ = {
			isa = PBXGroup;
			children = (
				AC680B6824C2667200F137FA /* CoreDataManagerTests.swift */,
				AC57557424C3421700FF61B9 /* FoodDataManagerTests.swift */,
				AC57557624C343B100FF61B9 /* FavoriteRecipeDataManagerTests.swift */,
			);
			path = CoreDataManagers;
			sourceTree = "<group>";
		};
		AC6B019D24BB4C1900A77E27 /* Extensions */ = {
			isa = PBXGroup;
			children = (
				AC0BC3CA24B924CD002AC135 /* Colors.swift */,
				AC0BC3CC24B924D6002AC135 /* Fonts.swift */,
				AC58DC9624BCC7580098588F /* Images.swift */,
			);
			path = Extensions;
			sourceTree = "<group>";
		};
		AC7A8C7C24A7D7BD00DB48B9 /* Networking */ = {
			isa = PBXGroup;
			children = (
				ACF27ECB24CF7DA7006B0F97 /* URL */,
				ACF27ECC24CF7DBD006B0F97 /* Network */,
			);
			path = Networking;
			sourceTree = "<group>";
		};
		AC7A8C7F24A7D83A00DB48B9 /* URLProvider */ = {
			isa = PBXGroup;
			children = (
				ACBFFEBE24C7A9DA0094EDA1 /* UrlValueProvider.swift */,
				AC7A8C7D24A7D7FA00DB48B9 /* UrlProvider.swift */,
				AC7A8C8024A7D85000DB48B9 /* UrlProviderImplementation.swift */,
			);
			path = URLProvider;
			sourceTree = "<group>";
		};
		AC7A8C8224A7DBBC00DB48B9 /* NetworkService */ = {
			isa = PBXGroup;
			children = (
				AC7A8C8324A7DBD800DB48B9 /* NetworkService.swift */,
				AC7A8C8824A7DC5500DB48B9 /* NetworkServiceImplementation.swift */,
			);
			path = NetworkService;
			sourceTree = "<group>";
		};
		AC7A8C8524A7DC0B00DB48B9 /* Enums */ = {
			isa = PBXGroup;
			children = (
				AC7A8C8624A7DC1600DB48B9 /* CoreDataError.swift */,
				ACBFFEC224C7B1790094EDA1 /* NetworkError.swift */,
			);
			path = Enums;
			sourceTree = "<group>";
		};
		AC7A8C8C24A7E71700DB48B9 /* TableViewManager */ = {
			isa = PBXGroup;
			children = (
				ACAF6AB924A0E6E000F7E7A9 /* RecipeTableViewCell.swift */,
				AC55245224AE6E98002E56BE /* RecipeTableViewDelegateHandler.swift */,
				AC019FFF24AE845000D79D6B /* RecipeTableViewDataSource.swift */,
				ACF52A1724BBD01E00997F69 /* FavoriteTableViewDataSource.swift */,
			);
			path = TableViewManager;
			sourceTree = "<group>";
		};
		AC7D742124A7E82E00890B57 /* ViewManagers */ = {
			isa = PBXGroup;
			children = (
				AC7A8C8C24A7E71700DB48B9 /* TableViewManager */,
				AC7D742324A7E84F00890B57 /* AlertManager.swift */,
			);
			path = ViewManagers;
			sourceTree = "<group>";
		};
		ACA3DCC124CF2B1F0066CC62 /* ContextProvider */ = {
			isa = PBXGroup;
			children = (
				ACA3DCC224CF2B360066CC62 /* ContextProvider.swift */,
				ACA3DCC424CF2B560066CC62 /* ContextProviderImplementation.swift */,
			);
			path = ContextProvider;
			sourceTree = "<group>";
		};
		ACA3DCC624CF33590066CC62 /* URLComponent */ = {
			isa = PBXGroup;
			children = (
				ACE32CCA24CE104C00ADDB81 /* URLComponent.swift */,
				ACE32CCC24CE108800ADDB81 /* URLComponentImplementation.swift */,
			);
			path = URLComponent;
			sourceTree = "<group>";
		};
		ACA3DCCB24CF35670066CC62 /* ContextProvider */ = {
			isa = PBXGroup;
			children = (
				ACA3DCBF24CF2AEB0066CC62 /* ContextProviderStub.swift */,
				ACA3DCC924CF343B0066CC62 /* ContextProviderSaveStub.swift */,
			);
			path = ContextProvider;
			sourceTree = "<group>";
		};
		ACA3DCCC24CF35AF0066CC62 /* Formatters */ = {
			isa = PBXGroup;
			children = (
				AC1081AC24CB6DBF0093EAF3 /* DateComponentsFormatterStub.swift */,
				AC1081AE24CB6E170093EAF3 /* NumberFormatterStub.swift */,
			);
			path = Formatters;
			sourceTree = "<group>";
		};
		ACAF6A7824A0CF6700F7E7A9 = {
			isa = PBXGroup;
			children = (
				ACAF6A8324A0CF6700F7E7A9 /* Reciplease */,
				ACAF6A9D24A0CF6A00F7E7A9 /* RecipleaseTests */,
				ACAF6A8224A0CF6700F7E7A9 /* Products */,
				832C7F2E298AF0F215F9833D /* Pods */,
				445F9D90B1AFFC36588477F5 /* Frameworks */,
			);
			sourceTree = "<group>";
		};
		ACAF6A8224A0CF6700F7E7A9 /* Products */ = {
			isa = PBXGroup;
			children = (
				ACAF6A8124A0CF6700F7E7A9 /* Reciplease.app */,
				ACAF6A9A24A0CF6A00F7E7A9 /* RecipleaseTests.xctest */,
			);
			name = Products;
			sourceTree = "<group>";
		};
		ACAF6A8324A0CF6700F7E7A9 /* Reciplease */ = {
			isa = PBXGroup;
			children = (
				ACAF6AAC24A0D51B00F7E7A9 /* Models */,
				ACAF6AAB24A0D50D00F7E7A9 /* Views */,
				ACAF6AAA24A0D4E400F7E7A9 /* Controllers */,
				ACAF6AA924A0D47800F7E7A9 /* SupportingFiles */,
			);
			path = Reciplease;
			sourceTree = "<group>";
		};
		ACAF6A9D24A0CF6A00F7E7A9 /* RecipleaseTests */ = {
			isa = PBXGroup;
			children = (
				AC5B77E824BE4CE400DE0D12 /* CoreDataManagers */,
				AC5B77E524BE4CBA00DE0D12 /* UrlProvider */,
				AC57557824C34EA800FF61B9 /* SettingsServiceTests.swift */,
				ACBFFEC024C7ADB00094EDA1 /* NetworkServiceTests.swift */,
				AC0FC08724C361800075B3A7 /* RecipeNetworkManagerTests.swift */,
				AC5B77E224BE4C9700DE0D12 /* JSONResponses */,
				ACE314B924C6182C0081BAE6 /* Doubles */,
				ACAF6AA024A0CF6A00F7E7A9 /* Info.plist */,
			);
			path = RecipleaseTests;
			sourceTree = "<group>";
		};
		ACAF6AA924A0D47800F7E7A9 /* SupportingFiles */ = {
			isa = PBXGroup;
			children = (
				ACAF6A8424A0CF6700F7E7A9 /* AppDelegate.swift */,
				ACAF6A9024A0CF6A00F7E7A9 /* Assets.xcassets */,
				ACAF6A9524A0CF6A00F7E7A9 /* Info.plist */,
				ACAF6A8D24A0CF6700F7E7A9 /* Reciplease.xcdatamodeld */,
			);
			path = SupportingFiles;
			sourceTree = "<group>";
		};
		ACAF6AAA24A0D4E400F7E7A9 /* Controllers */ = {
			isa = PBXGroup;
			children = (
				AC6B019D24BB4C1900A77E27 /* Extensions */,
				AC7D742124A7E82E00890B57 /* ViewManagers */,
				AC58DC9824BCCAD90098588F /* Settings */,
				ACAF6AB524A0E3CD00F7E7A9 /* Search */,
				ACAF6AB624A0E3D500F7E7A9 /* Favorite */,
				AC58DC9924BCCB340098588F /* RecipeDetail */,
			);
			path = Controllers;
			sourceTree = "<group>";
		};
		ACAF6AAB24A0D50D00F7E7A9 /* Views */ = {
			isa = PBXGroup;
			children = (
				ACAF6A8A24A0CF6700F7E7A9 /* Main.storyboard */,
				ACAF6A9224A0CF6A00F7E7A9 /* LaunchScreen.storyboard */,
				AC4F854424A92EF70084A8B1 /* UISubclasses */,
				ACE1D0D424C3BC3600FBC703 /* Xibs */,
			);
			path = Views;
			sourceTree = "<group>";
		};
		ACAF6AAC24A0D51B00F7E7A9 /* Models */ = {
			isa = PBXGroup;
			children = (
				ACE6F1F124B1D16500ADBFF3 /* Structs */,
				AC7A8C8524A7DC0B00DB48B9 /* Enums */,
				ACE32CC424CDE78A00ADDB81 /* CoreData */,
				AC7A8C7C24A7D7BD00DB48B9 /* Networking */,
				ACE6F1F424B1D32D00ADBFF3 /* SettingsService.swift */,
				AC6F350924BB9220000CAB33 /* ServiceContainer.swift */,
			);
			path = Models;
			sourceTree = "<group>";
		};
		ACAF6AB524A0E3CD00F7E7A9 /* Search */ = {
			isa = PBXGroup;
			children = (
				ACAF6AAD24A0D70A00F7E7A9 /* SearchViewController.swift */,
				ACAF6AB124A0E3A300F7E7A9 /* RecipeTableViewController.swift */,
			);
			path = Search;
			sourceTree = "<group>";
		};
		ACAF6AB624A0E3D500F7E7A9 /* Favorite */ = {
			isa = PBXGroup;
			children = (
				ACAF6AAF24A0D71800F7E7A9 /* FavoriteTableViewController.swift */,
			);
			path = Favorite;
			sourceTree = "<group>";
		};
		ACB2755624CF39980055FA2E /* URL */ = {
			isa = PBXGroup;
			children = (
				ACE32CCE24CE10C300ADDB81 /* URLComponentStub.swift */,
				AC5B77EB24C24CCE00DE0D12 /* UrlProviderStub.swift */,
			);
			path = URL;
			sourceTree = "<group>";
		};
		ACB2755724CF39B20055FA2E /* Networking */ = {
			isa = PBXGroup;
			children = (
				ACE314BA24C61C510081BAE6 /* FakeNetworkRequest.swift */,
				ACE314C224C781640081BAE6 /* FakeResponseData.swift */,
			);
			path = Networking;
			sourceTree = "<group>";
		};
		ACBFFEB924C787C20094EDA1 /* NetworkRequest */ = {
			isa = PBXGroup;
			children = (
				ACBFFEBA24C787D30094EDA1 /* NetworkRequest.swift */,
				ACBFFEBC24C787E60094EDA1 /* AlamofireNetworkRequest.swift */,
			);
			path = NetworkRequest;
			sourceTree = "<group>";
		};
		ACE1D0D424C3BC3600FBC703 /* Xibs */ = {
			isa = PBXGroup;
			children = (
				ACE1D0D224C3B86200FBC703 /* RecipeTableViewCell.xib */,
			);
			path = Xibs;
			sourceTree = "<group>";
		};
		ACE314B924C6182C0081BAE6 /* Doubles */ = {
			isa = PBXGroup;
			children = (
				ACB2755724CF39B20055FA2E /* Networking */,
				ACB2755624CF39980055FA2E /* URL */,
				ACA3DCCC24CF35AF0066CC62 /* Formatters */,
				ACA3DCCB24CF35670066CC62 /* ContextProvider */,
			);
			path = Doubles;
			sourceTree = "<group>";
		};
		ACE32CC424CDE78A00ADDB81 /* CoreData */ = {
			isa = PBXGroup;
			children = (
				ACE6F1F224B1D18F00ADBFF3 /* NSManagedObjects */,
				ACA3DCC124CF2B1F0066CC62 /* ContextProvider */,
				ACFDAE4624BCFE99001B719F /* CoreDataManagers */,
			);
			path = CoreData;
			sourceTree = "<group>";
		};
		ACE6F1F124B1D16500ADBFF3 /* Structs */ = {
			isa = PBXGroup;
			children = (
				ACB5F83224A504C800E28502 /* RecipeResult.swift */,
				AC680B6A24C3196800F137FA /* RecipeObject.swift */,
				AC55245024AE6E3E002E56BE /* RecipeWithImage.swift */,
			);
			path = Structs;
			sourceTree = "<group>";
		};
		ACE6F1F224B1D18F00ADBFF3 /* NSManagedObjects */ = {
			isa = PBXGroup;
			children = (
				ACB5F83824A548FA00E28502 /* Food.swift */,
				AC0BC3D024B9FD28002AC135 /* FavoriteRecipe.swift */,
			);
			path = NSManagedObjects;
			sourceTree = "<group>";
		};
		ACF27ECB24CF7DA7006B0F97 /* URL */ = {
			isa = PBXGroup;
			children = (
				ACA3DCC624CF33590066CC62 /* URLComponent */,
				AC7A8C7F24A7D83A00DB48B9 /* URLProvider */,
			);
			path = URL;
			sourceTree = "<group>";
		};
		ACF27ECC24CF7DBD006B0F97 /* Network */ = {
			isa = PBXGroup;
			children = (
				ACBFFEB924C787C20094EDA1 /* NetworkRequest */,
				AC7A8C8224A7DBBC00DB48B9 /* NetworkService */,
				AC58DC9A24BCCBE20098588F /* NetworkManager */,
			);
			path = Network;
			sourceTree = "<group>";
		};
		ACFDAE4624BCFE99001B719F /* CoreDataManagers */ = {
			isa = PBXGroup;
			children = (
				ACFDAE4724BCFEAD001B719F /* CoreDataManager.swift */,
				ACFDAE4924BE00A0001B719F /* FoodDataManager.swift */,
				AC3CD0A524BE021100A0289B /* FavoriteRecipeDataManager.swift */,
			);
			path = CoreDataManagers;
			sourceTree = "<group>";
		};
/* End PBXGroup section */

/* Begin PBXNativeTarget section */
		ACAF6A8024A0CF6700F7E7A9 /* Reciplease */ = {
			isa = PBXNativeTarget;
			buildConfigurationList = ACAF6AA324A0CF6A00F7E7A9 /* Build configuration list for PBXNativeTarget "Reciplease" */;
			buildPhases = (
				478E273981C570AC764B4CA1 /* [CP] Check Pods Manifest.lock */,
				ACAF6A7D24A0CF6700F7E7A9 /* Sources */,
				ACAF6A7E24A0CF6700F7E7A9 /* Frameworks */,
				ACAF6A7F24A0CF6700F7E7A9 /* Resources */,
				ACAF6ABB24A11E2300F7E7A9 /* Swiftlint */,
				10BC47EAA22035981AD2FBB4 /* [CP] Embed Pods Frameworks */,
			);
			buildRules = (
			);
			dependencies = (
			);
			name = Reciplease;
			productName = Reciplease;
			productReference = ACAF6A8124A0CF6700F7E7A9 /* Reciplease.app */;
			productType = "com.apple.product-type.application";
		};
		ACAF6A9924A0CF6A00F7E7A9 /* RecipleaseTests */ = {
			isa = PBXNativeTarget;
			buildConfigurationList = ACAF6AA624A0CF6A00F7E7A9 /* Build configuration list for PBXNativeTarget "RecipleaseTests" */;
			buildPhases = (
				7795281E87304F71C6AE943B /* [CP] Check Pods Manifest.lock */,
				ACAF6A9624A0CF6A00F7E7A9 /* Sources */,
				ACAF6A9724A0CF6A00F7E7A9 /* Frameworks */,
				ACAF6A9824A0CF6A00F7E7A9 /* Resources */,
			);
			buildRules = (
			);
			dependencies = (
				ACAF6A9C24A0CF6A00F7E7A9 /* PBXTargetDependency */,
			);
			name = RecipleaseTests;
			productName = RecipleaseTests;
			productReference = ACAF6A9A24A0CF6A00F7E7A9 /* RecipleaseTests.xctest */;
			productType = "com.apple.product-type.bundle.unit-test";
		};
/* End PBXNativeTarget section */

/* Begin PBXProject section */
		ACAF6A7924A0CF6700F7E7A9 /* Project object */ = {
			isa = PBXProject;
			attributes = {
				LastSwiftUpdateCheck = 1150;
				LastUpgradeCheck = 1150;
				ORGANIZATIONNAME = "Canessane Poudja";
				TargetAttributes = {
					ACAF6A8024A0CF6700F7E7A9 = {
						CreatedOnToolsVersion = 11.5;
					};
					ACAF6A9924A0CF6A00F7E7A9 = {
						CreatedOnToolsVersion = 11.5;
						TestTargetID = ACAF6A8024A0CF6700F7E7A9;
					};
				};
			};
			buildConfigurationList = ACAF6A7C24A0CF6700F7E7A9 /* Build configuration list for PBXProject "Reciplease" */;
			compatibilityVersion = "Xcode 9.3";
			developmentRegion = en;
			hasScannedForEncodings = 0;
			knownRegions = (
				en,
				Base,
			);
			mainGroup = ACAF6A7824A0CF6700F7E7A9;
			productRefGroup = ACAF6A8224A0CF6700F7E7A9 /* Products */;
			projectDirPath = "";
			projectRoot = "";
			targets = (
				ACAF6A8024A0CF6700F7E7A9 /* Reciplease */,
				ACAF6A9924A0CF6A00F7E7A9 /* RecipleaseTests */,
			);
		};
/* End PBXProject section */

/* Begin PBXResourcesBuildPhase section */
		ACAF6A7F24A0CF6700F7E7A9 /* Resources */ = {
			isa = PBXResourcesBuildPhase;
			buildActionMask = 2147483647;
			files = (
				ACAF6A9424A0CF6A00F7E7A9 /* LaunchScreen.storyboard in Resources */,
				ACAF6A9124A0CF6A00F7E7A9 /* Assets.xcassets in Resources */,
				ACAF6A8C24A0CF6700F7E7A9 /* Main.storyboard in Resources */,
				ACE1D0D324C3B86200FBC703 /* RecipeTableViewCell.xib in Resources */,
			);
			runOnlyForDeploymentPostprocessing = 0;
		};
		ACAF6A9824A0CF6A00F7E7A9 /* Resources */ = {
			isa = PBXResourcesBuildPhase;
			buildActionMask = 2147483647;
			files = (
				AC0FC08424C35F860075B3A7 /* Recipe.json in Resources */,
				AC0FC08624C360560075B3A7 /* IncorrectRecipe.json in Resources */,
			);
			runOnlyForDeploymentPostprocessing = 0;
		};
/* End PBXResourcesBuildPhase section */

/* Begin PBXShellScriptBuildPhase section */
		10BC47EAA22035981AD2FBB4 /* [CP] Embed Pods Frameworks */ = {
			isa = PBXShellScriptBuildPhase;
			buildActionMask = 2147483647;
			files = (
			);
			inputFileListPaths = (
				"${PODS_ROOT}/Target Support Files/Pods-Reciplease/Pods-Reciplease-frameworks-${CONFIGURATION}-input-files.xcfilelist",
			);
			name = "[CP] Embed Pods Frameworks";
			outputFileListPaths = (
				"${PODS_ROOT}/Target Support Files/Pods-Reciplease/Pods-Reciplease-frameworks-${CONFIGURATION}-output-files.xcfilelist",
			);
			runOnlyForDeploymentPostprocessing = 0;
			shellPath = /bin/sh;
			shellScript = "\"${PODS_ROOT}/Target Support Files/Pods-Reciplease/Pods-Reciplease-frameworks.sh\"\n";
			showEnvVarsInLog = 0;
		};
		478E273981C570AC764B4CA1 /* [CP] Check Pods Manifest.lock */ = {
			isa = PBXShellScriptBuildPhase;
			buildActionMask = 2147483647;
			files = (
			);
			inputFileListPaths = (
			);
			inputPaths = (
				"${PODS_PODFILE_DIR_PATH}/Podfile.lock",
				"${PODS_ROOT}/Manifest.lock",
			);
			name = "[CP] Check Pods Manifest.lock";
			outputFileListPaths = (
			);
			outputPaths = (
				"$(DERIVED_FILE_DIR)/Pods-Reciplease-checkManifestLockResult.txt",
			);
			runOnlyForDeploymentPostprocessing = 0;
			shellPath = /bin/sh;
			shellScript = "diff \"${PODS_PODFILE_DIR_PATH}/Podfile.lock\" \"${PODS_ROOT}/Manifest.lock\" > /dev/null\nif [ $? != 0 ] ; then\n    # print error to STDERR\n    echo \"error: The sandbox is not in sync with the Podfile.lock. Run 'pod install' or update your CocoaPods installation.\" >&2\n    exit 1\nfi\n# This output is used by Xcode 'outputs' to avoid re-running this script phase.\necho \"SUCCESS\" > \"${SCRIPT_OUTPUT_FILE_0}\"\n";
			showEnvVarsInLog = 0;
		};
		7795281E87304F71C6AE943B /* [CP] Check Pods Manifest.lock */ = {
			isa = PBXShellScriptBuildPhase;
			buildActionMask = 2147483647;
			files = (
			);
			inputFileListPaths = (
			);
			inputPaths = (
				"${PODS_PODFILE_DIR_PATH}/Podfile.lock",
				"${PODS_ROOT}/Manifest.lock",
			);
			name = "[CP] Check Pods Manifest.lock";
			outputFileListPaths = (
			);
			outputPaths = (
				"$(DERIVED_FILE_DIR)/Pods-RecipleaseTests-checkManifestLockResult.txt",
			);
			runOnlyForDeploymentPostprocessing = 0;
			shellPath = /bin/sh;
			shellScript = "diff \"${PODS_PODFILE_DIR_PATH}/Podfile.lock\" \"${PODS_ROOT}/Manifest.lock\" > /dev/null\nif [ $? != 0 ] ; then\n    # print error to STDERR\n    echo \"error: The sandbox is not in sync with the Podfile.lock. Run 'pod install' or update your CocoaPods installation.\" >&2\n    exit 1\nfi\n# This output is used by Xcode 'outputs' to avoid re-running this script phase.\necho \"SUCCESS\" > \"${SCRIPT_OUTPUT_FILE_0}\"\n";
			showEnvVarsInLog = 0;
		};
		ACAF6ABB24A11E2300F7E7A9 /* Swiftlint */ = {
			isa = PBXShellScriptBuildPhase;
			buildActionMask = 2147483647;
			files = (
			);
			inputFileListPaths = (
			);
			inputPaths = (
			);
			name = Swiftlint;
			outputFileListPaths = (
			);
			outputPaths = (
			);
			runOnlyForDeploymentPostprocessing = 0;
			shellPath = /bin/sh;
			shellScript = "if which swiftlint >/dev/null; then\n    swiftlint\nelse\n    echo \"warning: SwiftLint not installed, download from https://github.com/realm/SwiftLint\"\nfi\n";
		};
/* End PBXShellScriptBuildPhase section */

/* Begin PBXSourcesBuildPhase section */
		ACAF6A7D24A0CF6700F7E7A9 /* Sources */ = {
			isa = PBXSourcesBuildPhase;
			buildActionMask = 2147483647;
			files = (
				ACBFFEBF24C7A9DA0094EDA1 /* UrlValueProvider.swift in Sources */,
				ACE32CCB24CE104C00ADDB81 /* URLComponent.swift in Sources */,
				ACAF6AB224A0E3A300F7E7A9 /* RecipeTableViewController.swift in Sources */,
				AC7A8C8724A7DC1600DB48B9 /* CoreDataError.swift in Sources */,
				ACBFFEBB24C787D30094EDA1 /* NetworkRequest.swift in Sources */,
				AC0BC3CD24B924D6002AC135 /* Fonts.swift in Sources */,
				AC680B6B24C3196800F137FA /* RecipeObject.swift in Sources */,
				AC2A52A324AE5A350022F8FA /* GradientView.swift in Sources */,
				ACE6F1F524B1D32D00ADBFF3 /* SettingsService.swift in Sources */,
				ACB5F83724A5413B00E28502 /* RoundedButton.swift in Sources */,
				AC7A8C7E24A7D7FA00DB48B9 /* UrlProvider.swift in Sources */,
				AC58DC9724BCC7580098588F /* Images.swift in Sources */,
				AC0BC3D124B9FD28002AC135 /* FavoriteRecipe.swift in Sources */,
				AC0BC3CB24B924CD002AC135 /* Colors.swift in Sources */,
				AC6F350A24BB9220000CAB33 /* ServiceContainer.swift in Sources */,
				ACBFFEBD24C787E60094EDA1 /* AlamofireNetworkRequest.swift in Sources */,
				ACFDAE4824BCFEAD001B719F /* CoreDataManager.swift in Sources */,
				AC55245324AE6E98002E56BE /* RecipeTableViewDelegateHandler.swift in Sources */,
				ACFDAE4A24BE00A0001B719F /* FoodDataManager.swift in Sources */,
				ACAF6AAE24A0D70A00F7E7A9 /* SearchViewController.swift in Sources */,
				AC7A8C8B24A7DCCB00DB48B9 /* RecipeNetworkManager.swift in Sources */,
				ACAF6A8F24A0CF6700F7E7A9 /* Reciplease.xcdatamodeld in Sources */,
				ACF52A1824BBD01E00997F69 /* FavoriteTableViewDataSource.swift in Sources */,
				ACAF6ABA24A0E6E000F7E7A9 /* RecipeTableViewCell.swift in Sources */,
				AC55245124AE6E3E002E56BE /* RecipeWithImage.swift in Sources */,
				AC7D742424A7E84F00890B57 /* AlertManager.swift in Sources */,
				AC3CD0A624BE021100A0289B /* FavoriteRecipeDataManager.swift in Sources */,
				ACA3DCC524CF2B560066CC62 /* ContextProviderImplementation.swift in Sources */,
				ACB5F83324A504C800E28502 /* RecipeResult.swift in Sources */,
				ACE32CCD24CE108800ADDB81 /* URLComponentImplementation.swift in Sources */,
				ACA3DCC324CF2B360066CC62 /* ContextProvider.swift in Sources */,
				AC7A8C8124A7D85000DB48B9 /* UrlProviderImplementation.swift in Sources */,
				AC01A00024AE845000D79D6B /* RecipeTableViewDataSource.swift in Sources */,
				AC58682F24B1206600CE9874 /* SettingsTableViewController.swift in Sources */,
				ACAF6AB024A0D71800F7E7A9 /* FavoriteTableViewController.swift in Sources */,
				AC7A8C8424A7DBD800DB48B9 /* NetworkService.swift in Sources */,
				AC7A8C7A24A7D1BD00DB48B9 /* RoundedView.swift in Sources */,
				ACAF6AB424A0E3B800F7E7A9 /* RecipeDetailViewController.swift in Sources */,
				ACAF6A8524A0CF6700F7E7A9 /* AppDelegate.swift in Sources */,
				ACBFFEC324C7B1790094EDA1 /* NetworkError.swift in Sources */,
				ACB5F83924A548FA00E28502 /* Food.swift in Sources */,
				AC7A8C8924A7DC5500DB48B9 /* NetworkServiceImplementation.swift in Sources */,
			);
			runOnlyForDeploymentPostprocessing = 0;
		};
		ACAF6A9624A0CF6A00F7E7A9 /* Sources */ = {
			isa = PBXSourcesBuildPhase;
			buildActionMask = 2147483647;
			files = (
				ACBFFEC124C7ADB00094EDA1 /* NetworkServiceTests.swift in Sources */,
				AC5B77EA24C1DD9300DE0D12 /* UrlProviderTests.swift in Sources */,
				AC57557924C34EA800FF61B9 /* SettingsServiceTests.swift in Sources */,
				ACE314C324C781640081BAE6 /* FakeResponseData.swift in Sources */,
				AC0FC08824C361800075B3A7 /* RecipeNetworkManagerTests.swift in Sources */,
				AC5B77ED24C261B800DE0D12 /* UrlProviderStub.swift in Sources */,
				AC680B6924C2667200F137FA /* CoreDataManagerTests.swift in Sources */,
				ACA3DCC024CF2AEB0066CC62 /* ContextProviderStub.swift in Sources */,
				ACA3DCCA24CF343B0066CC62 /* ContextProviderSaveStub.swift in Sources */,
				AC57557724C343B100FF61B9 /* FavoriteRecipeDataManagerTests.swift in Sources */,
				AC57557524C3421700FF61B9 /* FoodDataManagerTests.swift in Sources */,
				AC1081AF24CB6E170093EAF3 /* NumberFormatterStub.swift in Sources */,
				ACE32CCF24CE10C300ADDB81 /* URLComponentStub.swift in Sources */,
				AC1081AD24CB6DBF0093EAF3 /* DateComponentsFormatterStub.swift in Sources */,
				ACE314BB24C61C510081BAE6 /* FakeNetworkRequest.swift in Sources */,
			);
			runOnlyForDeploymentPostprocessing = 0;
		};
/* End PBXSourcesBuildPhase section */

/* Begin PBXTargetDependency section */
		ACAF6A9C24A0CF6A00F7E7A9 /* PBXTargetDependency */ = {
			isa = PBXTargetDependency;
			target = ACAF6A8024A0CF6700F7E7A9 /* Reciplease */;
			targetProxy = ACAF6A9B24A0CF6A00F7E7A9 /* PBXContainerItemProxy */;
		};
/* End PBXTargetDependency section */

/* Begin PBXVariantGroup section */
		ACAF6A8A24A0CF6700F7E7A9 /* Main.storyboard */ = {
			isa = PBXVariantGroup;
			children = (
				ACAF6A8B24A0CF6700F7E7A9 /* Base */,
			);
			name = Main.storyboard;
			sourceTree = "<group>";
		};
		ACAF6A9224A0CF6A00F7E7A9 /* LaunchScreen.storyboard */ = {
			isa = PBXVariantGroup;
			children = (
				ACAF6A9324A0CF6A00F7E7A9 /* Base */,
			);
			name = LaunchScreen.storyboard;
			sourceTree = "<group>";
		};
/* End PBXVariantGroup section */

/* Begin XCBuildConfiguration section */
		ACAF6AA124A0CF6A00F7E7A9 /* Debug */ = {
			isa = XCBuildConfiguration;
			buildSettings = {
				ALWAYS_SEARCH_USER_PATHS = NO;
				CLANG_ANALYZER_NONNULL = YES;
				CLANG_ANALYZER_NUMBER_OBJECT_CONVERSION = YES_AGGRESSIVE;
				CLANG_CXX_LANGUAGE_STANDARD = "gnu++14";
				CLANG_CXX_LIBRARY = "libc++";
				CLANG_ENABLE_MODULES = YES;
				CLANG_ENABLE_OBJC_ARC = YES;
				CLANG_ENABLE_OBJC_WEAK = YES;
				CLANG_WARN_BLOCK_CAPTURE_AUTORELEASING = YES;
				CLANG_WARN_BOOL_CONVERSION = YES;
				CLANG_WARN_COMMA = YES;
				CLANG_WARN_CONSTANT_CONVERSION = YES;
				CLANG_WARN_DEPRECATED_OBJC_IMPLEMENTATIONS = YES;
				CLANG_WARN_DIRECT_OBJC_ISA_USAGE = YES_ERROR;
				CLANG_WARN_DOCUMENTATION_COMMENTS = YES;
				CLANG_WARN_EMPTY_BODY = YES;
				CLANG_WARN_ENUM_CONVERSION = YES;
				CLANG_WARN_INFINITE_RECURSION = YES;
				CLANG_WARN_INT_CONVERSION = YES;
				CLANG_WARN_NON_LITERAL_NULL_CONVERSION = YES;
				CLANG_WARN_OBJC_IMPLICIT_RETAIN_SELF = YES;
				CLANG_WARN_OBJC_LITERAL_CONVERSION = YES;
				CLANG_WARN_OBJC_ROOT_CLASS = YES_ERROR;
				CLANG_WARN_RANGE_LOOP_ANALYSIS = YES;
				CLANG_WARN_STRICT_PROTOTYPES = YES;
				CLANG_WARN_SUSPICIOUS_MOVE = YES;
				CLANG_WARN_UNGUARDED_AVAILABILITY = YES_AGGRESSIVE;
				CLANG_WARN_UNREACHABLE_CODE = YES;
				CLANG_WARN__DUPLICATE_METHOD_MATCH = YES;
				COPY_PHASE_STRIP = NO;
				DEBUG_INFORMATION_FORMAT = dwarf;
				ENABLE_STRICT_OBJC_MSGSEND = YES;
				ENABLE_TESTABILITY = YES;
				GCC_C_LANGUAGE_STANDARD = gnu11;
				GCC_DYNAMIC_NO_PIC = NO;
				GCC_NO_COMMON_BLOCKS = YES;
				GCC_OPTIMIZATION_LEVEL = 0;
				GCC_PREPROCESSOR_DEFINITIONS = (
					"DEBUG=1",
					"$(inherited)",
				);
				GCC_WARN_64_TO_32_BIT_CONVERSION = YES;
				GCC_WARN_ABOUT_RETURN_TYPE = YES_ERROR;
				GCC_WARN_UNDECLARED_SELECTOR = YES;
				GCC_WARN_UNINITIALIZED_AUTOS = YES_AGGRESSIVE;
				GCC_WARN_UNUSED_FUNCTION = YES;
				GCC_WARN_UNUSED_VARIABLE = YES;
				IPHONEOS_DEPLOYMENT_TARGET = 13.5;
				MTL_ENABLE_DEBUG_INFO = INCLUDE_SOURCE;
				MTL_FAST_MATH = YES;
				ONLY_ACTIVE_ARCH = YES;
				SDKROOT = iphoneos;
				SWIFT_ACTIVE_COMPILATION_CONDITIONS = DEBUG;
				SWIFT_OPTIMIZATION_LEVEL = "-Onone";
			};
			name = Debug;
		};
		ACAF6AA224A0CF6A00F7E7A9 /* Release */ = {
			isa = XCBuildConfiguration;
			buildSettings = {
				ALWAYS_SEARCH_USER_PATHS = NO;
				CLANG_ANALYZER_NONNULL = YES;
				CLANG_ANALYZER_NUMBER_OBJECT_CONVERSION = YES_AGGRESSIVE;
				CLANG_CXX_LANGUAGE_STANDARD = "gnu++14";
				CLANG_CXX_LIBRARY = "libc++";
				CLANG_ENABLE_MODULES = YES;
				CLANG_ENABLE_OBJC_ARC = YES;
				CLANG_ENABLE_OBJC_WEAK = YES;
				CLANG_WARN_BLOCK_CAPTURE_AUTORELEASING = YES;
				CLANG_WARN_BOOL_CONVERSION = YES;
				CLANG_WARN_COMMA = YES;
				CLANG_WARN_CONSTANT_CONVERSION = YES;
				CLANG_WARN_DEPRECATED_OBJC_IMPLEMENTATIONS = YES;
				CLANG_WARN_DIRECT_OBJC_ISA_USAGE = YES_ERROR;
				CLANG_WARN_DOCUMENTATION_COMMENTS = YES;
				CLANG_WARN_EMPTY_BODY = YES;
				CLANG_WARN_ENUM_CONVERSION = YES;
				CLANG_WARN_INFINITE_RECURSION = YES;
				CLANG_WARN_INT_CONVERSION = YES;
				CLANG_WARN_NON_LITERAL_NULL_CONVERSION = YES;
				CLANG_WARN_OBJC_IMPLICIT_RETAIN_SELF = YES;
				CLANG_WARN_OBJC_LITERAL_CONVERSION = YES;
				CLANG_WARN_OBJC_ROOT_CLASS = YES_ERROR;
				CLANG_WARN_RANGE_LOOP_ANALYSIS = YES;
				CLANG_WARN_STRICT_PROTOTYPES = YES;
				CLANG_WARN_SUSPICIOUS_MOVE = YES;
				CLANG_WARN_UNGUARDED_AVAILABILITY = YES_AGGRESSIVE;
				CLANG_WARN_UNREACHABLE_CODE = YES;
				CLANG_WARN__DUPLICATE_METHOD_MATCH = YES;
				COPY_PHASE_STRIP = NO;
				DEBUG_INFORMATION_FORMAT = "dwarf-with-dsym";
				ENABLE_NS_ASSERTIONS = NO;
				ENABLE_STRICT_OBJC_MSGSEND = YES;
				GCC_C_LANGUAGE_STANDARD = gnu11;
				GCC_NO_COMMON_BLOCKS = YES;
				GCC_WARN_64_TO_32_BIT_CONVERSION = YES;
				GCC_WARN_ABOUT_RETURN_TYPE = YES_ERROR;
				GCC_WARN_UNDECLARED_SELECTOR = YES;
				GCC_WARN_UNINITIALIZED_AUTOS = YES_AGGRESSIVE;
				GCC_WARN_UNUSED_FUNCTION = YES;
				GCC_WARN_UNUSED_VARIABLE = YES;
				IPHONEOS_DEPLOYMENT_TARGET = 13.5;
				MTL_ENABLE_DEBUG_INFO = NO;
				MTL_FAST_MATH = YES;
				SDKROOT = iphoneos;
				SWIFT_COMPILATION_MODE = wholemodule;
				SWIFT_OPTIMIZATION_LEVEL = "-O";
				VALIDATE_PRODUCT = YES;
			};
			name = Release;
		};
		ACAF6AA424A0CF6A00F7E7A9 /* Debug */ = {
			isa = XCBuildConfiguration;
			baseConfigurationReference = 642EE36B8DFB182CC4F40198 /* Pods-Reciplease.debug.xcconfig */;
			buildSettings = {
				ASSETCATALOG_COMPILER_APPICON_NAME = AppIcon;
				CODE_SIGN_STYLE = Automatic;
				DEVELOPMENT_TEAM = Y56L8SS28B;
				INFOPLIST_FILE = Reciplease/SupportingFiles/Info.plist;
				LD_RUNPATH_SEARCH_PATHS = (
					"$(inherited)",
					"@executable_path/Frameworks",
				);
				PRODUCT_BUNDLE_IDENTIFIER = com.poudja.Reciplease;
				PRODUCT_NAME = "$(TARGET_NAME)";
				SWIFT_VERSION = 5.0;
				TARGETED_DEVICE_FAMILY = "1,2";
			};
			name = Debug;
		};
		ACAF6AA524A0CF6A00F7E7A9 /* Release */ = {
			isa = XCBuildConfiguration;
			baseConfigurationReference = C4EAB10C6BF9485C43AE8A2E /* Pods-Reciplease.release.xcconfig */;
			buildSettings = {
				ASSETCATALOG_COMPILER_APPICON_NAME = AppIcon;
				CODE_SIGN_STYLE = Automatic;
				DEVELOPMENT_TEAM = Y56L8SS28B;
				INFOPLIST_FILE = Reciplease/SupportingFiles/Info.plist;
				LD_RUNPATH_SEARCH_PATHS = (
					"$(inherited)",
					"@executable_path/Frameworks",
				);
				PRODUCT_BUNDLE_IDENTIFIER = com.poudja.Reciplease;
				PRODUCT_NAME = "$(TARGET_NAME)";
				SWIFT_VERSION = 5.0;
				TARGETED_DEVICE_FAMILY = "1,2";
			};
			name = Release;
		};
		ACAF6AA724A0CF6A00F7E7A9 /* Debug */ = {
			isa = XCBuildConfiguration;
			baseConfigurationReference = C14D68F85D2D62AFB3DB2182 /* Pods-RecipleaseTests.debug.xcconfig */;
			buildSettings = {
				ALWAYS_EMBED_SWIFT_STANDARD_LIBRARIES = YES;
				BUNDLE_LOADER = "$(TEST_HOST)";
				CODE_SIGN_STYLE = Automatic;
				DEVELOPMENT_TEAM = Y56L8SS28B;
				INFOPLIST_FILE = RecipleaseTests/Info.plist;
				IPHONEOS_DEPLOYMENT_TARGET = 13.5;
				LD_RUNPATH_SEARCH_PATHS = (
					"$(inherited)",
					"@executable_path/Frameworks",
					"@loader_path/Frameworks",
				);
				PRODUCT_BUNDLE_IDENTIFIER = com.poudja.RecipleaseTests;
				PRODUCT_NAME = "$(TARGET_NAME)";
				SWIFT_VERSION = 5.0;
				TARGETED_DEVICE_FAMILY = "1,2";
				TEST_HOST = "$(BUILT_PRODUCTS_DIR)/Reciplease.app/Reciplease";
			};
			name = Debug;
		};
		ACAF6AA824A0CF6A00F7E7A9 /* Release */ = {
			isa = XCBuildConfiguration;
			baseConfigurationReference = B829F13BF05EA9B98E40BFDC /* Pods-RecipleaseTests.release.xcconfig */;
			buildSettings = {
				ALWAYS_EMBED_SWIFT_STANDARD_LIBRARIES = YES;
				BUNDLE_LOADER = "$(TEST_HOST)";
				CODE_SIGN_STYLE = Automatic;
				DEVELOPMENT_TEAM = Y56L8SS28B;
				INFOPLIST_FILE = RecipleaseTests/Info.plist;
				IPHONEOS_DEPLOYMENT_TARGET = 13.5;
				LD_RUNPATH_SEARCH_PATHS = (
					"$(inherited)",
					"@executable_path/Frameworks",
					"@loader_path/Frameworks",
				);
				PRODUCT_BUNDLE_IDENTIFIER = com.poudja.RecipleaseTests;
				PRODUCT_NAME = "$(TARGET_NAME)";
				SWIFT_VERSION = 5.0;
				TARGETED_DEVICE_FAMILY = "1,2";
				TEST_HOST = "$(BUILT_PRODUCTS_DIR)/Reciplease.app/Reciplease";
			};
			name = Release;
		};
/* End XCBuildConfiguration section */

/* Begin XCConfigurationList section */
		ACAF6A7C24A0CF6700F7E7A9 /* Build configuration list for PBXProject "Reciplease" */ = {
			isa = XCConfigurationList;
			buildConfigurations = (
				ACAF6AA124A0CF6A00F7E7A9 /* Debug */,
				ACAF6AA224A0CF6A00F7E7A9 /* Release */,
			);
			defaultConfigurationIsVisible = 0;
			defaultConfigurationName = Release;
		};
		ACAF6AA324A0CF6A00F7E7A9 /* Build configuration list for PBXNativeTarget "Reciplease" */ = {
			isa = XCConfigurationList;
			buildConfigurations = (
				ACAF6AA424A0CF6A00F7E7A9 /* Debug */,
				ACAF6AA524A0CF6A00F7E7A9 /* Release */,
			);
			defaultConfigurationIsVisible = 0;
			defaultConfigurationName = Release;
		};
		ACAF6AA624A0CF6A00F7E7A9 /* Build configuration list for PBXNativeTarget "RecipleaseTests" */ = {
			isa = XCConfigurationList;
			buildConfigurations = (
				ACAF6AA724A0CF6A00F7E7A9 /* Debug */,
				ACAF6AA824A0CF6A00F7E7A9 /* Release */,
			);
			defaultConfigurationIsVisible = 0;
			defaultConfigurationName = Release;
		};
/* End XCConfigurationList section */

/* Begin XCVersionGroup section */
		ACAF6A8D24A0CF6700F7E7A9 /* Reciplease.xcdatamodeld */ = {
			isa = XCVersionGroup;
			children = (
				ACAF6A8E24A0CF6700F7E7A9 /* Reciplease.xcdatamodel */,
			);
			currentVersion = ACAF6A8E24A0CF6700F7E7A9 /* Reciplease.xcdatamodel */;
			path = Reciplease.xcdatamodeld;
			sourceTree = "<group>";
			versionGroupType = wrapper.xcdatamodel;
		};
/* End XCVersionGroup section */
	};
	rootObject = ACAF6A7924A0CF6700F7E7A9 /* Project object */;
}
